
Microsoft Visual Studio Solution File, Format Version 12.00
# Visual Studio Version 17
VisualStudioVersion = 17.13.36105.23 d17.13
MinimumVisualStudioVersion = 10.0.40219.1
Project("{FAE04EC0-301F-11D3-BF4B-00C04F79EFBC}") = "MiniLibrary.Api", "MiniLibrary.Api\MiniLibrary.Api.csproj", "{49CAC624-7AD3-41CD-861C-E3DF8081B4D8}"
EndProject
Project("{FAE04EC0-301F-11D3-BF4B-00C04F79EFBC}") = "MiniLibrary.Application", "MiniLibrary.Application\MiniLibrary.Application.csproj", "{7AA63AF0-576F-430E-B23F-273F5BB02847}"
EndProject
Project("{FAE04EC0-301F-11D3-BF4B-00C04F79EFBC}") = "MiniLibrary.Domain", "MiniLibrary.Domain\MiniLibrary.Domain.csproj", "{0F8C2F1F-BB7A-4EF2-AC06-EA0AEF4CA865}"
EndProject
Project("{FAE04EC0-301F-11D3-BF4B-00C04F79EFBC}") = "MiniLibrary.Infrastructure", "MiniLibrary.Infrastructure\MiniLibrary.Infrastructure.csproj", "{A55E4674-73E5-445F-AC15-4DCFACE27E54}"
EndProject
Global
	GlobalSection(SolutionConfigurationPlatforms) = preSolution
		Debug|Any CPU = Debug|Any CPU
		Release|Any CPU = Release|Any CPU
	EndGlobalSection
	GlobalSection(ProjectConfigurationPlatforms) = postSolution
		{49CAC624-7AD3-41CD-861C-E3DF8081B4D8}.Debug|Any CPU.ActiveCfg = Debug|Any CPU
		{49CAC624-7AD3-41CD-861C-E3DF8081B4D8}.Debug|Any CPU.Build.0 = Debug|Any CPU
		{49CAC624-7AD3-41CD-861C-E3DF8081B4D8}.Release|Any CPU.ActiveCfg = Release|Any CPU
		{49CAC624-7AD3-41CD-861C-E3DF8081B4D8}.Release|Any CPU.Build.0 = Release|Any CPU
		{7AA63AF0-576F-430E-B23F-273F5BB02847}.Debug|Any CPU.ActiveCfg = Debug|Any CPU
		{7AA63AF0-576F-430E-B23F-273F5BB02847}.Debug|Any CPU.Build.0 = Debug|Any CPU
		{7AA63AF0-576F-430E-B23F-273F5BB02847}.Release|Any CPU.ActiveCfg = Release|Any CPU
		{7AA63AF0-576F-430E-B23F-273F5BB02847}.Release|Any CPU.Build.0 = Release|Any CPU
		{0F8C2F1F-BB7A-4EF2-AC06-EA0AEF4CA865}.Debug|Any CPU.ActiveCfg = Debug|Any CPU
		{0F8C2F1F-BB7A-4EF2-AC06-EA0AEF4CA865}.Debug|Any CPU.Build.0 = Debug|Any CPU
		{0F8C2F1F-BB7A-4EF2-AC06-EA0AEF4CA865}.Release|Any CPU.ActiveCfg = Release|Any CPU
		{0F8C2F1F-BB7A-4EF2-AC06-EA0AEF4CA865}.Release|Any CPU.Build.0 = Release|Any CPU
		{A55E4674-73E5-445F-AC15-4DCFACE27E54}.Debug|Any CPU.ActiveCfg = Debug|Any CPU
		{A55E4674-73E5-445F-AC15-4DCFACE27E54}.Debug|Any CPU.Build.0 = Debug|Any CPU
		{A55E4674-73E5-445F-AC15-4DCFACE27E54}.Release|Any CPU.ActiveCfg = Release|Any CPU
		{A55E4674-73E5-445F-AC15-4DCFACE27E54}.Release|Any CPU.Build.0 = Release|Any CPU
	EndGlobalSection
	GlobalSection(SolutionProperties) = preSolution
		HideSolutionNode = FALSE
	EndGlobalSection
	GlobalSection(ExtensibilityGlobals) = postSolution
		SolutionGuid = {21E4AF27-F023-48B6-9A03-DDCFCBD957D1}
	EndGlobalSection
EndGlobal
